// !$*UTF8*$!
{
	archiveVersion = 1;
	classes = {
	};
	objectVersion = 77;
	objects = {

/* Begin PBXContainerItemProxy section */
		6A67CC652F7AC2B300E7E8AA /* PBXContainerItemProxy */ = {
			isa = PBXContainerItemProxy;
			containerPortal = 6A67CC4D2F7AC2B200E7E8AA /* Project object */;
			proxyType = 1;
			remoteGlobalIDString = 6A67CC542F7AC2B200E7E8AA;
			remoteInfo = CaringCubs;
		};
		6A67CC6F2F7AC2B300E7E8AA /* PBXContainerItemProxy */ = {
			isa = PBXContainerItemProxy;
			containerPortal = 6A67CC4D2F7AC2B200E7E8AA /* Project object */;
			proxyType = 1;
			remoteGlobalIDString = 6A67CC542F7AC2B200E7E8AA;
			remoteInfo = CaringCubs;
		};
/* End PBXContainerItemProxy section */

/* Begin PBXFileReference section */
		6A67CC552F7AC2B200E7E8AA /* CaringCubs.app */ = {isa = PBXFileReference; explicitFileType = wrapper.application; includeInIndex = 0; path = CaringCubs.app; sourceTree = BUILT_PRODUCTS_DIR; };
		6A67CC642F7AC2B300E7E8AA /* CaringCubsTests.xctest */ = {isa = PBXFileReference; explicitFileType = wrapper.cfbundle; includeInIndex = 0; path = CaringCubsTests.xctest; sourceTree = BUILT_PRODUCTS_DIR; };
		6A67CC6E2F7AC2B300E7E8AA /* CaringCubsUITests.xctest */ = {isa = PBXFileReference; explicitFileType = wrapper.cfbundle; includeInIndex = 0; path = CaringCubsUITests.xctest; sourceTree = BUILT_PRODUCTS_DIR; };
/* End PBXFileReference section */

/* Begin PBXFileSystemSynchronizedRootGroup section */
		6A67CC572F7AC2B200E7E8AA /* CaringCubs */ = {
			isa = PBXFileSystemSynchronizedRootGroup;
			path = CaringCubs;
			sourceTree = "<group>";
		};
		6A67CC672F7AC2B300E7E8AA /* CaringCubsTests */ = {
			isa = PBXFileSystemSynchronizedRootGroup;
			path = CaringCubsTests;
			sourceTree = "<group>";
		};
		6A67CC712F7AC2B300E7E8AA /* CaringCubsUITests */ = {
			isa = PBXFileSystemSynchronizedRootGroup;
			path = CaringCubsUITests;
			sourceTree = "<group>";
		};
/* End PBXFileSystemSynchronizedRootGroup section */

/* Begin PBXFrameworksBuildPhase section */
		6A67CC522F7AC2B200E7E8AA /* Frameworks */ = {
			isa = PBXFrameworksBuildPhase;
			buildActionMask = 2147483647;
			files = (
			);
			runOnlyForDeploymentPostprocessing = 0;
		};
		6A67CC612F7AC2B300E7E8AA /* Frameworks */ = {
			isa = PBXFrameworksBuildPhase;
			buildActionMask = 2147483647;
			files = (
			);
			runOnlyForDeploymentPostprocessing = 0;
		};
		6A67CC6B2F7AC2B300E7E8AA /* Frameworks */ = {
			isa = PBXFrameworksBuildPhase;
			buildActionMask = 2147483647;
			files = (
			);
			runOnlyForDeploymentPostprocessing = 0;
		};
/* End PBXFrameworksBuildPhase section */

/* Begin PBXGroup section */
		6A67CC4C2F7AC2B200E7E8AA = {
			isa = PBXGroup;
			children = (
				6A67CC572F7AC2B200E7E8AA /* CaringCubs */,
				6A67CC672F7AC2B300E7E8AA /* CaringCubsTests */,
				6A67CC712F7AC2B300E7E8AA /* CaringCubsUITests */,
				6A67CC562F7AC2B200E7E8AA /* Products */,
			);
			sourceTree = "<group>";
		};
		6A67CC562F7AC2B200E7E8AA /* Products */ = {
			isa = PBXGroup;
			children = (
				6A67CC552F7AC2B200E7E8AA /* CaringCubs.app */,
				6A67CC642F7AC2B300E7E8AA /* CaringCubsTests.xctest */,
				6A67CC6E2F7AC2B300E7E8AA /* CaringCubsUITests.xctest */,
			);
			name = Products;
			sourceTree = "<group>";
		};
/* End PBXGroup section */

/* Begin PBXNativeTarget section */
		6A67CC542F7AC2B200E7E8AA /* CaringCubs */ = {
			isa = PBXNativeTarget;
			buildConfigurationList = 6A67CC782F7AC2B300E7E8AA /* Build configuration list for PBXNativeTarget "CaringCubs" */;
			buildPhases = (
				6A67CC512F7AC2B200E7E8AA /* Sources */,
				6A67CC522F7AC2B200E7E8AA /* Frameworks */,
				6A67CC532F7AC2B200E7E8AA /* Resources */,
			);
			buildRules = (
			);
			dependencies = (
			);
			fileSystemSynchronizedGroups = (
				6A67CC572F7AC2B200E7E8AA /* CaringCubs */,
			);
			name = CaringCubs;
			packageProductDependencies = (
			);
			productName = CaringCubs;
			productReference = 6A67CC552F7AC2B200E7E8AA /* CaringCubs.app */;
			productType = "com.apple.product-type.application";
		};
		6A67CC632F7AC2B300E7E8AA /* CaringCubsTests */ = {
			isa = PBXNativeTarget;
			buildConfigurationList = 6A67CC7B2F7AC2B300E7E8AA /* Build configuration list for PBXNativeTarget "CaringCubsTests" */;
			buildPhases = (
				6A67CC602F7AC2B300E7E8AA /* Sources */,
				6A67CC612F7AC2B300E7E8AA /* Frameworks */,
				6A67CC622F7AC2B300E7E8AA /* Resources */,
			);
			buildRules = (
			);
			dependencies = (
				6A67CC662F7AC2B300E7E8AA /* PBXTargetDependency */,
			);
			fileSystemSynchronizedGroups = (
				6A67CC672F7AC2B300E7E8AA /* CaringCubsTests */,
			);
			name = CaringCubsTests;
			packageProductDependencies = (
			);
			productName = CaringCubsTests;
			productReference = 6A67CC642F7AC2B300E7E8AA /* CaringCubsTests.xctest */;
			productType = "com.apple.product-type.bundle.unit-test";
		};
		6A67CC6D2F7AC2B300E7E8AA /* CaringCubsUITests */ = {
			isa = PBXNativeTarget;
			buildConfigurationList = 6A67CC7E2F7AC2B300E7E8AA /* Build configuration list for PBXNativeTarget "CaringCubsUITests" */;
			buildPhases = (
				6A67CC6A2F7AC2B300E7E8AA /* Sources */,
				6A67CC6B2F7AC2B300E7E8AA /* Frameworks */,
				6A67CC6C2F7AC2B300E7E8AA /* Resources */,
			);
			buildRules = (
			);
			dependencies = (
				6A67CC702F7AC2B300E7E8AA /* PBXTargetDependency */,
			);
			fileSystemSynchronizedGroups = (
				6A67CC712F7AC2B300E7E8AA /* CaringCubsUITests */,
			);
			name = CaringCubsUITests;
			packageProductDependencies = (
			);
			productName = CaringCubsUITests;
			productReference = 6A67CC6E2F7AC2B300E7E8AA /* CaringCubsUITests.xctest */;
			productType = "com.apple.product-type.bundle.ui-testing";
		};
/* End PBXNativeTarget section */

/* Begin PBXProject section */
		6A67CC4D2F7AC2B200E7E8AA /* Project object */ = {
			isa = PBXProject;
			attributes = {
				BuildIndependentTargetsInParallel = 1;
				LastSwiftUpdateCheck = 2640;
				LastUpgradeCheck = 2640;
				TargetAttributes = {
					6A67CC542F7AC2B200E7E8AA = {
						CreatedOnToolsVersion = 26.4;
					};
					6A67CC632F7AC2B300E7E8AA = {
						CreatedOnToolsVersion = 26.4;
						TestTargetID = 6A67CC542F7AC2B200E7E8AA;
					};
					6A67CC6D2F7AC2B300E7E8AA = {
						CreatedOnToolsVersion = 26.4;
						TestTargetID = 6A67CC542F7AC2B200E7E8AA;
					};
				};
			};
			buildConfigurationList = 6A67CC502F7AC2B200E7E8AA /* Build configuration list for PBXProject "CaringCubs" */;
			developmentRegion = en;
			hasScannedForEncodings = 0;
			knownRegions = (
				en,
				Base,
			);
			mainGroup = 6A67CC4C2F7AC2B200E7E8AA;
			minimizedProjectReferenceProxies = 1;
			preferredProjectObjectVersion = 77;
			productRefGroup = 6A67CC562F7AC2B200E7E8AA /* Products */;
			projectDirPath = "";
			projectRoot = "";
			targets = (
				6A67CC542F7AC2B200E7E8AA /* CaringCubs */,
				6A67CC632F7AC2B300E7E8AA /* CaringCubsTests */,
				6A67CC6D2F7AC2B300E7E8AA /* CaringCubsUITests */,
			);
		};
/* End PBXProject section */

/* Begin PBXResourcesBuildPhase section */
		6A67CC532F7AC2B200E7E8AA /* Resources */ = {
			isa = PBXResourcesBuildPhase;
			buildActionMask = 2147483647;
			files = (
			);
			runOnlyForDeploymentPostprocessing = 0;
		};
		6A67CC622F7AC2B300E7E8AA /* Resources */ = {
			isa = PBXResourcesBuildPhase;
			buildActionMask = 2147483647;
			files = (
			);
			runOnlyForDeploymentPostprocessing = 0;
		};
		6A67CC6C2F7AC2B300E7E8AA /* Resources */ = {
			isa = PBXResourcesBuildPhase;
			buildActionMask = 2147483647;
			files = (
			);
			runOnlyForDeploymentPostprocessing = 0;
		};
/* End PBXResourcesBuildPhase section */

/* Begin PBXSourcesBuildPhase section */
		6A67CC512F7AC2B200E7E8AA /* Sources */ = {
			isa = PBXSourcesBuildPhase;
			buildActionMask = 2147483647;
			files = (
			);
			runOnlyForDeploymentPostprocessing = 0;
		};
		6A67CC602F7AC2B300E7E8AA /* Sources */ = {
			isa = PBXSourcesBuildPhase;
			buildActionMask = 2147483647;
			files = (
			);
			runOnlyForDeploymentPostprocessing = 0;
		};
		6A67CC6A2F7AC2B300E7E8AA /* Sources */ = {
			isa = PBXSourcesBuildPhase;
			buildActionMask = 2147483647;
			files = (
			);
			runOnlyForDeploymentPostprocessing = 0;
		};
/* End PBXSourcesBuildPhase section */

/* Begin PBXTargetDependency section */
		6A67CC662F7AC2B300E7E8AA /* PBXTargetDependency */ = {
			isa = PBXTargetDependency;
			target = 6A67CC542F7AC2B200E7E8AA /* CaringCubs */;
			targetProxy = 6A67CC652F7AC2B300E7E8AA /* PBXContainerItemProxy */;
		};
		6A67CC702F7AC2B300E7E8AA /* PBXTargetDependency */ = {
			isa = PBXTargetDependency;
			target = 6A67CC542F7AC2B200E7E8AA /* CaringCubs */;
			targetProxy = 6A67CC6F2F7AC2B300E7E8AA /* PBXContainerItemProxy */;
		};
/* End PBXTargetDependency section */

/* Begin XCBuildConfiguration section */
		6A67CC762F7AC2B300E7E8AA /* Debug */ = {
			isa = XCBuildConfiguration;
			buildSettings = {
				ALWAYS_SEARCH_USER_PATHS = NO;
				ASSETCATALOG_COMPILER_GENERATE_SWIFT_ASSET_SYMBOL_EXTENSIONS = YES;
				CLANG_ANALYZER_NONNULL = YES;
				CLANG_ANALYZER_NUMBER_OBJECT_CONVERSION = YES_AGGRESSIVE;
				CLANG_CXX_LANGUAGE_STANDARD = "gnu++20";
				CLANG_ENABLE_MODULES = YES;
				CLANG_ENABLE_OBJC_ARC = YES;
				CLANG_ENABLE_OBJC_WEAK = YES;
				CLANG_WARN_BLOCK_CAPTURE_AUTORELEASING = YES;
				CLANG_WARN_BOOL_CONVERSION = YES;
				CLANG_WARN_COMMA = YES;
				CLANG_WARN_CONSTANT_CONVERSION = YES;
				CLANG_WARN_DEPRECATED_OBJC_IMPLEMENTATIONS = YES;
				CLANG_WARN_DIRECT_OBJC_ISA_USAGE = YES_ERROR;
				CLANG_WARN_DOCUMENTATION_COMMENTS = YES;
				CLANG_WARN_EMPTY_BODY = YES;
				CLANG_WARN_ENUM_CONVERSION = YES;
				CLANG_WARN_INFINITE_RECURSION = YES;
				CLANG_WARN_INT_CONVERSION = YES;
				CLANG_WARN_NON_LITERAL_NULL_CONVERSION = YES;
				CLANG_WARN_OBJC_IMPLICIT_RETAIN_SELF = YES;
				CLANG_WARN_OBJC_LITERAL_CONVERSION = YES;
				CLANG_WARN_OBJC_ROOT_CLASS = YES_ERROR;
				CLANG_WARN_QUOTED_INCLUDE_IN_FRAMEWORK_HEADER = YES;
				CLANG_WARN_RANGE_LOOP_ANALYSIS = YES;
				CLANG_WARN_STRICT_PROTOTYPES = YES;
				CLANG_WARN_SUSPICIOUS_MOVE = YES;
				CLANG_WARN_UNGUARDED_AVAILABILITY = YES_AGGRESSIVE;
				CLANG_WARN_UNREACHABLE_CODE = YES;
				CLANG_WARN__DUPLICATE_METHOD_MATCH = YES;
				COPY_PHASE_STRIP = NO;
				DEBUG_INFORMATION_FORMAT = dwarf;
				ENABLE_STRICT_OBJC_MSGSEND = YES;
				ENABLE_TESTABILITY = YES;
				ENABLE_USER_SCRIPT_SANDBOXING = YES;
				GCC_C_LANGUAGE_STANDARD = gnu17;
				GCC_DYNAMIC_NO_PIC = NO;
				GCC_NO_COMMON_BLOCKS = YES;
				GCC_OPTIMIZATION_LEVEL = 0;
				GCC_PREPROCESSOR_DEFINITIONS = (
					"DEBUG=1",
					"$(inherited)",
				);
				GCC_WARN_64_TO_32_BIT_CONVERSION = YES;
				GCC_WARN_ABOUT_RETURN_TYPE = YES_ERROR;
				GCC_WARN_UNDECLARED_SELECTOR = YES;
				GCC_WARN_UNINITIALIZED_AUTOS = YES_AGGRESSIVE;
				GCC_WARN_UNUSED_FUNCTION = YES;
				GCC_WARN_UNUSED_VARIABLE = YES;
				IPHONEOS_DEPLOYMENT_TARGET = 26.4;
				LOCALIZATION_PREFERS_STRING_CATALOGS = YES;
				MTL_ENABLE_DEBUG_INFO = INCLUDE_SOURCE;
				MTL_FAST_MATH = YES;
				ONLY_ACTIVE_ARCH = YES;
				SDKROOT = iphoneos;
				SWIFT_ACTIVE_COMPILATION_CONDITIONS = "DEBUG $(inherited)";
				SWIFT_OPTIMIZATION_LEVEL = "-Onone";
			};
			name = Debug;
		};
		6A67CC772F7AC2B300E7E8AA /* Release */ = {
			isa = XCBuildConfiguration;
			buildSettings = {
				ALWAYS_SEARCH_USER_PATHS = NO;
				ASSETCATALOG_COMPILER_GENERATE_SWIFT_ASSET_SYMBOL_EXTENSIONS = YES;
				CLANG_ANALYZER_NONNULL = YES;
				CLANG_ANALYZER_NUMBER_OBJECT_CONVERSION = YES_AGGRESSIVE;
				CLANG_CXX_LANGUAGE_STANDARD = "gnu++20";
				CLANG_ENABLE_MODULES = YES;
				CLANG_ENABLE_OBJC_ARC = YES;
				CLANG_ENABLE_OBJC_WEAK = YES;
				CLANG_WARN_BLOCK_CAPTURE_AUTORELEASING = YES;
				CLANG_WARN_BOOL_CONVERSION = YES;
				CLANG_WARN_COMMA = YES;
				CLANG_WARN_CONSTANT_CONVERSION = YES;
				CLANG_WARN_DEPRECATED_OBJC_IMPLEMENTATIONS = YES;
				CLANG_WARN_DIRECT_OBJC_ISA_USAGE = YES_ERROR;
				CLANG_WARN_DOCUMENTATION_COMMENTS = YES;
				CLANG_WARN_EMPTY_BODY = YES;
				CLANG_WARN_ENUM_CONVERSION = YES;
				CLANG_WARN_INFINITE_RECURSION = YES;
				CLANG_WARN_INT_CONVERSION = YES;
				CLANG_WARN_NON_LITERAL_NULL_CONVERSION = YES;
				CLANG_WARN_OBJC_IMPLICIT_RETAIN_SELF = YES;
				CLANG_WARN_OBJC_LITERAL_CONVERSION = YES;
				CLANG_WARN_OBJC_ROOT_CLASS = YES_ERROR;
				CLANG_WARN_QUOTED_INCLUDE_IN_FRAMEWORK_HEADER = YES;
				CLANG_WARN_RANGE_LOOP_ANALYSIS = YES;
				CLANG_WARN_STRICT_PROTOTYPES = YES;
				CLANG_WARN_SUSPICIOUS_MOVE = YES;
				CLANG_WARN_UNGUARDED_AVAILABILITY = YES_AGGRESSIVE;
				CLANG_WARN_UNREACHABLE_CODE = YES;
				CLANG_WARN__DUPLICATE_METHOD_MATCH = YES;
				COPY_PHASE_STRIP = NO;
				DEBUG_INFORMATION_FORMAT = "dwarf-with-dsym";
				ENABLE_NS_ASSERTIONS = NO;
				ENABLE_STRICT_OBJC_MSGSEND = YES;
				ENABLE_USER_SCRIPT_SANDBOXING = YES;
				GCC_C_LANGUAGE_STANDARD = gnu17;
				GCC_NO_COMMON_BLOCKS = YES;
				GCC_WARN_64_TO_32_BIT_CONVERSION = YES;
				GCC_WARN_ABOUT_RETURN_TYPE = YES_ERROR;
				GCC_WARN_UNDECLARED_SELECTOR = YES;
				GCC_WARN_UNINITIALIZED_AUTOS = YES_AGGRESSIVE;
				GCC_WARN_UNUSED_FUNCTION = YES;
				GCC_WARN_UNUSED_VARIABLE = YES;
				IPHONEOS_DEPLOYMENT_TARGET = 26.4;
				LOCALIZATION_PREFERS_STRING_CATALOGS = YES;
				MTL_ENABLE_DEBUG_INFO = NO;
				MTL_FAST_MATH = YES;
				SDKROOT = iphoneos;
				SWIFT_COMPILATION_MODE = wholemodule;
				VALIDATE_PRODUCT = YES;
			};
			name = Release;
		};
		6A67CC792F7AC2B300E7E8AA /* Debug */ = {
			isa = XCBuildConfiguration;
			buildSettings = {
				ASSETCATALOG_COMPILER_APPICON_NAME = AppIcon;
				ASSETCATALOG_COMPILER_GLOBAL_ACCENT_COLOR_NAME = AccentColor;
				CODE_SIGN_STYLE = Automatic;
				CURRENT_PROJECT_VERSION = 1;
				DEVELOPMENT_TEAM = BSZKKKAST9;
				ENABLE_PREVIEWS = YES;
				GENERATE_INFOPLIST_FILE = YES;
				INFOPLIST_KEY_UIApplicationSceneManifest_Generation = YES;
				INFOPLIST_KEY_UIApplicationSupportsIndirectInputEvents = YES;
				INFOPLIST_KEY_UILaunchScreen_Generation = YES;
				INFOPLIST_KEY_UISupportedInterfaceOrientations_iPad = "UIInterfaceOrientationPortrait UIInterfaceOrientationPortraitUpsideDown UIInterfaceOrientationLandscapeLeft UIInterfaceOrientationLandscapeRight";
				INFOPLIST_KEY_UISupportedInterfaceOrientations_iPhone = "UIInterfaceOrientationPortrait UIInterfaceOrientationLandscapeLeft UIInterfaceOrientationLandscapeRight";
				IPHONEOS_DEPLOYMENT_TARGET = 18.6;
				LD_RUNPATH_SEARCH_PATHS = (
					"$(inherited)",
					"@executable_path/Frameworks",
				);
				MARKETING_VERSION = 1.0;
				PRODUCT_BUNDLE_IDENTIFIER = CaringCubs.CaringCubs;
				PRODUCT_NAME = "$(TARGET_NAME)";
				STRING_CATALOG_GENERATE_SYMBOLS = YES;
				SWIFT_APPROACHABLE_CONCURRENCY = YES;
				SWIFT_DEFAULT_ACTOR_ISOLATION = MainActor;
				SWIFT_EMIT_LOC_STRINGS = YES;
				SWIFT_UPCOMING_FEATURE_MEMBER_IMPORT_VISIBILITY = YES;
				SWIFT_VERSION = 5.0;
				TARGETED_DEVICE_FAMILY = "1,2";
			};
			name = Debug;
		};
		6A67CC7A2F7AC2B300E7E8AA /* Release */ = {
			isa = XCBuildConfiguration;
			buildSettings = {
				ASSETCATALOG_COMPILER_APPICON_NAME = AppIcon;
				ASSETCATALOG_COMPILER_GLOBAL_ACCENT_COLOR_NAME = AccentColor;
				CODE_SIGN_STYLE = Automatic;
				CURRENT_PROJECT_VERSION = 1;
				DEVELOPMENT_TEAM = BSZKKKAST9;
				ENABLE_PREVIEWS = YES;
				GENERATE_INFOPLIST_FILE = YES;
				INFOPLIST_KEY_UIApplicationSceneManifest_Generation = YES;
				INFOPLIST_KEY_UIApplicationSupportsIndirectInputEvents = YES;
				INFOPLIST_KEY_UILaunchScreen_Generation = YES;
				INFOPLIST_KEY_UISupportedInterfaceOrientations_iPad = "UIInterfaceOrientationPortrait UIInterfaceOrientationPortraitUpsideDown UIInterfaceOrientationLandscapeLeft UIInterfaceOrientationLandscapeRight";
				INFOPLIST_KEY_UISupportedInterfaceOrientations_iPhone = "UIInterfaceOrientationPortrait UIInterfaceOrientationLandscapeLeft UIInterfaceOrientationLandscapeRight";
				IPHONEOS_DEPLOYMENT_TARGET = 18.6;
				LD_RUNPATH_SEARCH_PATHS = (
					"$(inherited)",
					"@executable_path/Frameworks",
				);
				MARKETING_VERSION = 1.0;
				PRODUCT_BUNDLE_IDENTIFIER = CaringCubs.CaringCubs;
				PRODUCT_NAME = "$(TARGET_NAME)";
				STRING_CATALOG_GENERATE_SYMBOLS = YES;
				SWIFT_APPROACHABLE_CONCURRENCY = YES;
				SWIFT_DEFAULT_ACTOR_ISOLATION = MainActor;
				SWIFT_EMIT_LOC_STRINGS = YES;
				SWIFT_UPCOMING_FEATURE_MEMBER_IMPORT_VISIBILITY = YES;
				SWIFT_VERSION = 5.0;
				TARGETED_DEVICE_FAMILY = "1,2";
			};
			name = Release;
		};
		6A67CC7C2F7AC2B300E7E8AA /* Debug */ = {
			isa = XCBuildConfiguration;
			buildSettings = {
				BUNDLE_LOADER = "$(TEST_HOST)";
				CODE_SIGN_STYLE = Automatic;
				CURRENT_PROJECT_VERSION = 1;
				GENERATE_INFOPLIST_FILE = YES;
				IPHONEOS_DEPLOYMENT_TARGET = 26.4;
				MARKETING_VERSION = 1.0;
				PRODUCT_BUNDLE_IDENTIFIER = CaringCubs.CaringCubsTests;
				PRODUCT_NAME = "$(TARGET_NAME)";
				STRING_CATALOG_GENERATE_SYMBOLS = NO;
				SWIFT_APPROACHABLE_CONCURRENCY = YES;
				SWIFT_EMIT_LOC_STRINGS = NO;
				SWIFT_UPCOMING_FEATURE_MEMBER_IMPORT_VISIBILITY = YES;
				SWIFT_VERSION = 5.0;
				TARGETED_DEVICE_FAMILY = "1,2";
				TEST_HOST = "$(BUILT_PRODUCTS_DIR)/CaringCubs.app/$(BUNDLE_EXECUTABLE_FOLDER_PATH)/CaringCubs";
			};
			name = Debug;
		};
		6A67CC7D2F7AC2B300E7E8AA /* Release */ = {
			isa = XCBuildConfiguration;
			buildSettings = {
				BUNDLE_LOADER = "$(TEST_HOST)";
				CODE_SIGN_STYLE = Automatic;
				CURRENT_PROJECT_VERSION = 1;
				GENERATE_INFOPLIST_FILE = YES;
				IPHONEOS_DEPLOYMENT_TARGET = 26.4;
				MARKETING_VERSION = 1.0;
				PRODUCT_BUNDLE_IDENTIFIER = CaringCubs.CaringCubsTests;
				PRODUCT_NAME = "$(TARGET_NAME)";
				STRING_CATALOG_GENERATE_SYMBOLS = NO;
				SWIFT_APPROACHABLE_CONCURRENCY = YES;
				SWIFT_EMIT_LOC_STRINGS = NO;
				SWIFT_UPCOMING_FEATURE_MEMBER_IMPORT_VISIBILITY = YES;
				SWIFT_VERSION = 5.0;
				TARGETED_DEVICE_FAMILY = "1,2";
				TEST_HOST = "$(BUILT_PRODUCTS_DIR)/CaringCubs.app/$(BUNDLE_EXECUTABLE_FOLDER_PATH)/CaringCubs";
			};
			name = Release;
		};
		6A67CC7F2F7AC2B300E7E8AA /* Debug */ = {
			isa = XCBuildConfiguration;
			buildSettings = {
				CODE_SIGN_STYLE = Automatic;
				CURRENT_PROJECT_VERSION = 1;
				GENERATE_INFOPLIST_FILE = YES;
				MARKETING_VERSION = 1.0;
				PRODUCT_BUNDLE_IDENTIFIER = CaringCubs.CaringCubsUITests;
				PRODUCT_NAME = "$(TARGET_NAME)";
				STRING_CATALOG_GENERATE_SYMBOLS = NO;
				SWIFT_APPROACHABLE_CONCURRENCY = YES;
				SWIFT_EMIT_LOC_STRINGS = NO;
				SWIFT_UPCOMING_FEATURE_MEMBER_IMPORT_VISIBILITY = YES;
				SWIFT_VERSION = 5.0;
				TARGETED_DEVICE_FAMILY = "1,2";
				TEST_TARGET_NAME = CaringCubs;
			};
			name = Debug;
		};
		6A67CC802F7AC2B300E7E8AA /* Release */ = {
			isa = XCBuildConfiguration;
			buildSettings = {
				CODE_SIGN_STYLE = Automatic;
				CURRENT_PROJECT_VERSION = 1;
				GENERATE_INFOPLIST_FILE = YES;
				MARKETING_VERSION = 1.0;
				PRODUCT_BUNDLE_IDENTIFIER = CaringCubs.CaringCubsUITests;
				PRODUCT_NAME = "$(TARGET_NAME)";
				STRING_CATALOG_GENERATE_SYMBOLS = NO;
				SWIFT_APPROACHABLE_CONCURRENCY = YES;
				SWIFT_EMIT_LOC_STRINGS = NO;
				SWIFT_UPCOMING_FEATURE_MEMBER_IMPORT_VISIBILITY = YES;
				SWIFT_VERSION = 5.0;
				TARGETED_DEVICE_FAMILY = "1,2";
				TEST_TARGET_NAME = CaringCubs;
			};
			name = Release;
		};
/* End XCBuildConfiguration section */

/* Begin XCConfigurationList section */
		6A67CC502F7AC2B200E7E8AA /* Build configuration list for PBXProject "CaringCubs" */ = {
			isa = XCConfigurationList;
			buildConfigurations = (
				6A67CC762F7AC2B300E7E8AA /* Debug */,
				6A67CC772F7AC2B300E7E8AA /* Release */,
			);
			defaultConfigurationIsVisible = 0;
			defaultConfigurationName = Release;
		};
		6A67CC782F7AC2B300E7E8AA /* Build configuration list for PBXNativeTarget "CaringCubs" */ = {
			isa = XCConfigurationList;
			buildConfigurations = (
				6A67CC792F7AC2B300E7E8AA /* Debug */,
				6A67CC7A2F7AC2B300E7E8AA /* Release */,
			);
			defaultConfigurationIsVisible = 0;
			defaultConfigurationName = Release;
		};
		6A67CC7B2F7AC2B300E7E8AA /* Build configuration list for PBXNativeTarget "CaringCubsTests" */ = {
			isa = XCConfigurationList;
			buildConfigurations = (
				6A67CC7C2F7AC2B300E7E8AA /* Debug */,
				6A67CC7D2F7AC2B300E7E8AA /* Release */,
			);
			defaultConfigurationIsVisible = 0;
			defaultConfigurationName = Release;
		};
		6A67CC7E2F7AC2B300E7E8AA /* Build configuration list for PBXNativeTarget "CaringCubsUITests" */ = {
			isa = XCConfigurationList;
			buildConfigurations = (
				6A67CC7F2F7AC2B300E7E8AA /* Debug */,
				6A67CC802F7AC2B300E7E8AA /* Release */,
			);
			defaultConfigurationIsVisible = 0;
			defaultConfigurationName = Release;
		};
/* End XCConfigurationList section */
	};
	rootObject = 6A67CC4D2F7AC2B200E7E8AA /* Project object */;
}
